
Microsoft Visual Studio Solution File, Format Version 12.00
# Visual Studio 14
VisualStudioVersion = 14.0.25420.1
MinimumVisualStudioVersion = 10.0.40219.1
Project("{FAE04EC0-301F-11D3-BF4B-00C04F79EFBC}") = "Slight.Alexa.Framework", "Slight.Alexa.Framework\Slight.Alexa.Framework.csproj", "{C34E1E55-97E3-455F-8741-EE509323F975}"
EndProject
Project("{FAE04EC0-301F-11D3-BF4B-00C04F79EFBC}") = "Slight.Alexa.Framework.Tests", "Slight.Alexa.Framework.Tests\Slight.Alexa.Framework.Tests.csproj", "{77836C05-6D66-4D93-BE54-55867F60CBC9}"
EndProject
Global
	GlobalSection(SolutionConfigurationPlatforms) = preSolution
		Debug|Any CPU = Debug|Any CPU
		Release|Any CPU = Release|Any CPU
	EndGlobalSection
	GlobalSection(ProjectConfigurationPlatforms) = postSolution
		{C34E1E55-97E3-455F-8741-EE509323F975}.Debug|Any CPU.ActiveCfg = Debug|Any CPU
		{C34E1E55-97E3-455F-8741-EE509323F975}.Debug|Any CPU.Build.0 = Debug|Any CPU
		{C34E1E55-97E3-455F-8741-EE509323F975}.Release|Any CPU.ActiveCfg = Release|Any CPU
		{C34E1E55-97E3-455F-8741-EE509323F975}.Release|Any CPU.Build.0 = Release|Any CPU
		{77836C05-6D66-4D93-BE54-55867F60CBC9}.Debug|Any CPU.ActiveCfg = Debug|Any CPU
		{77836C05-6D66-4D93-BE54-55867F60CBC9}.Debug|Any CPU.Build.0 = Debug|Any CPU
		{77836C05-6D66-4D93-BE54-55867F60CBC9}.Release|Any CPU.ActiveCfg = Release|Any CPU
		{77836C05-6D66-4D93-BE54-55867F60CBC9}.Release|Any CPU.Build.0 = Release|Any CPU
	EndGlobalSection
	GlobalSection(SolutionProperties) = preSolution
		HideSolutionNode = FALSE
	EndGlobalSection
EndGlobal
